// !$*UTF8*$!
{
	archiveVersion = 1;
	classes = {
	};
	objectVersion = 46;
	objects = {

/* Begin PBXBuildFile section */
		25F3EC8D1B9650F20098BEFD /* AppDelegate.swift in Sources */ = {isa = PBXBuildFile; fileRef = 25F3EC8C1B9650F20098BEFD /* AppDelegate.swift */; };
		25F3EC8F1B9650F20098BEFD /* ViewController.swift in Sources */ = {isa = PBXBuildFile; fileRef = 25F3EC8E1B9650F20098BEFD /* ViewController.swift */; };
		25F3EC921B9650F20098BEFD /* Main.storyboard in Resources */ = {isa = PBXBuildFile; fileRef = 25F3EC901B9650F20098BEFD /* Main.storyboard */; };
		25F3EC941B9650F20098BEFD /* Images.xcassets in Resources */ = {isa = PBXBuildFile; fileRef = 25F3EC931B9650F20098BEFD /* Images.xcassets */; };
		25F3EC971B9650F20098BEFD /* LaunchScreen.xib in Resources */ = {isa = PBXBuildFile; fileRef = 25F3EC951B9650F20098BEFD /* LaunchScreen.xib */; };
		25F3ECA31B9650F20098BEFD /* SIMADETests.swift in Sources */ = {isa = PBXBuildFile; fileRef = 25F3ECA21B9650F20098BEFD /* SIMADETests.swift */; };
/* End PBXBuildFile section */

/* Begin PBXContainerItemProxy section */
		25F3EC9D1B9650F20098BEFD /* PBXContainerItemProxy */ = {
			isa = PBXContainerItemProxy;
			containerPortal = 25F3EC7F1B9650F20098BEFD /* Project object */;
			proxyType = 1;
			remoteGlobalIDString = 25F3EC861B9650F20098BEFD;
			remoteInfo = SIMADE;
		};
/* End PBXContainerItemProxy section */

/* Begin PBXFileReference section */
		25F3EC871B9650F20098BEFD /* SIMADE.app */ = {isa = PBXFileReference; explicitFileType = wrapper.application; includeInIndex = 0; path = SIMADE.app; sourceTree = BUILT_PRODUCTS_DIR; };
		25F3EC8B1B9650F20098BEFD /* Info.plist */ = {isa = PBXFileReference; lastKnownFileType = text.plist.xml; path = Info.plist; sourceTree = "<group>"; };
		25F3EC8C1B9650F20098BEFD /* AppDelegate.swift */ = {isa = PBXFileReference; lastKnownFileType = sourcecode.swift; path = AppDelegate.swift; sourceTree = "<group>"; };
		25F3EC8E1B9650F20098BEFD /* ViewController.swift */ = {isa = PBXFileReference; lastKnownFileType = sourcecode.swift; path = ViewController.swift; sourceTree = "<group>"; };
		25F3EC911B9650F20098BEFD /* Base */ = {isa = PBXFileReference; lastKnownFileType = file.storyboard; name = Base; path = Base.lproj/Main.storyboard; sourceTree = "<group>"; };
		25F3EC931B9650F20098BEFD /* Images.xcassets */ = {isa = PBXFileReference; lastKnownFileType = folder.assetcatalog; path = Images.xcassets; sourceTree = "<group>"; };
		25F3EC961B9650F20098BEFD /* Base */ = {isa = PBXFileReference; lastKnownFileType = file.xib; name = Base; path = Base.lproj/LaunchScreen.xib; sourceTree = "<group>"; };
		25F3EC9C1B9650F20098BEFD /* SIMADETests.xctest */ = {isa = PBXFileReference; explicitFileType = wrapper.cfbundle; includeInIndex = 0; path = SIMADETests.xctest; sourceTree = BUILT_PRODUCTS_DIR; };
		25F3ECA11B9650F20098BEFD /* Info.plist */ = {isa = PBXFileReference; lastKnownFileType = text.plist.xml; path = Info.plist; sourceTree = "<group>"; };
		25F3ECA21B9650F20098BEFD /* SIMADETests.swift */ = {isa = PBXFileReference; lastKnownFileType = sourcecode.swift; path = SIMADETests.swift; sourceTree = "<group>"; };
/* End PBXFileReference section */

/* Begin PBXFrameworksBuildPhase section */
		25F3EC841B9650F20098BEFD /* Frameworks */ = {
			isa = PBXFrameworksBuildPhase;
			buildActionMask = 2147483647;
			files = (
			);
			runOnlyForDeploymentPostprocessing = 0;
		};
		25F3EC991B9650F20098BEFD /* Frameworks */ = {
			isa = PBXFrameworksBuildPhase;
			buildActionMask = 2147483647;
			files = (
			);
			runOnlyForDeploymentPostprocessing = 0;
		};
/* End PBXFrameworksBuildPhase section */

/* Begin PBXGroup section */
		25F3EC7E1B9650F20098BEFD = {
			isa = PBXGroup;
			children = (
				25F3EC891B9650F20098BEFD /* SIMADE */,
				25F3EC9F1B9650F20098BEFD /* SIMADETests */,
				25F3EC881B9650F20098BEFD /* Products */,
			);
			sourceTree = "<group>";
		};
		25F3EC881B9650F20098BEFD /* Products */ = {
			isa = PBXGroup;
			children = (
				25F3EC871B9650F20098BEFD /* SIMADE.app */,
				25F3EC9C1B9650F20098BEFD /* SIMADETests.xctest */,
			);
			name = Products;
			sourceTree = "<group>";
		};
		25F3EC891B9650F20098BEFD /* SIMADE */ = {
			isa = PBXGroup;
			children = (
				25F3EC8C1B9650F20098BEFD /* AppDelegate.swift */,
				25F3EC8E1B9650F20098BEFD /* ViewController.swift */,
				25F3EC901B9650F20098BEFD /* Main.storyboard */,
				25F3EC931B9650F20098BEFD /* Images.xcassets */,
				25F3EC951B9650F20098BEFD /* LaunchScreen.xib */,
				25F3EC8A1B9650F20098BEFD /* Supporting Files */,
			);
			path = SIMADE;
			sourceTree = "<group>";
		};
		25F3EC8A1B9650F20098BEFD /* Supporting Files */ = {
			isa = PBXGroup;
			children = (
				25F3EC8B1B9650F20098BEFD /* Info.plist */,
			);
			name = "Supporting Files";
			sourceTree = "<group>";
		};
		25F3EC9F1B9650F20098BEFD /* SIMADETests */ = {
			isa = PBXGroup;
			children = (
				25F3ECA21B9650F20098BEFD /* SIMADETests.swift */,
				25F3ECA01B9650F20098BEFD /* Supporting Files */,
			);
			path = SIMADETests;
			sourceTree = "<group>";
		};
		25F3ECA01B9650F20098BEFD /* Supporting Files */ = {
			isa = PBXGroup;
			children = (
				25F3ECA11B9650F20098BEFD /* Info.plist */,
			);
			name = "Supporting Files";
			sourceTree = "<group>";
		};
/* End PBXGroup section */

/* Begin PBXNativeTarget section */
		25F3EC861B9650F20098BEFD /* SIMADE */ = {
			isa = PBXNativeTarget;
			buildConfigurationList = 25F3ECA61B9650F20098BEFD /* Build configuration list for PBXNativeTarget "SIMADE" */;
			buildPhases = (
				25F3EC831B9650F20098BEFD /* Sources */,
				25F3EC841B9650F20098BEFD /* Frameworks */,
				25F3EC851B9650F20098BEFD /* Resources */,
			);
			buildRules = (
			);
			dependencies = (
			);
			name = SIMADE;
			productName = SIMADE;
			productReference = 25F3EC871B9650F20098BEFD /* SIMADE.app */;
			productType = "com.apple.product-type.application";
		};
		25F3EC9B1B9650F20098BEFD /* SIMADETests */ = {
			isa = PBXNativeTarget;
			buildConfigurationList = 25F3ECA91B9650F20098BEFD /* Build configuration list for PBXNativeTarget "SIMADETests" */;
			buildPhases = (
				25F3EC981B9650F20098BEFD /* Sources */,
				25F3EC991B9650F20098BEFD /* Frameworks */,
				25F3EC9A1B9650F20098BEFD /* Resources */,
			);
			buildRules = (
			);
			dependencies = (
				25F3EC9E1B9650F20098BEFD /* PBXTargetDependency */,
			);
			name = SIMADETests;
			productName = SIMADETests;
			productReference = 25F3EC9C1B9650F20098BEFD /* SIMADETests.xctest */;
			productType = "com.apple.product-type.bundle.unit-test";
		};
/* End PBXNativeTarget section */

/* Begin PBXProject section */
		25F3EC7F1B9650F20098BEFD /* Project object */ = {
			isa = PBXProject;
			attributes = {
				LastUpgradeCheck = 0640;
				ORGANIZATIONNAME = "Ramses Miramontes Meza";
				TargetAttributes = {
					25F3EC861B9650F20098BEFD = {
						CreatedOnToolsVersion = 6.4;
					};
					25F3EC9B1B9650F20098BEFD = {
						CreatedOnToolsVersion = 6.4;
						TestTargetID = 25F3EC861B9650F20098BEFD;
					};
				};
			};
			buildConfigurationList = 25F3EC821B9650F20098BEFD /* Build configuration list for PBXProject "SIMADE" */;
			compatibilityVersion = "Xcode 3.2";
			developmentRegion = English;
			hasScannedForEncodings = 0;
			knownRegions = (
				en,
				Base,
			);
			mainGroup = 25F3EC7E1B9650F20098BEFD;
			productRefGroup = 25F3EC881B9650F20098BEFD /* Products */;
			projectDirPath = "";
			projectRoot = "";
			targets = (
				25F3EC861B9650F20098BEFD /* SIMADE */,
				25F3EC9B1B9650F20098BEFD /* SIMADETests */,
			);
		};
/* End PBXProject section */

/* Begin PBXResourcesBuildPhase section */
		25F3EC851B9650F20098BEFD /* Resources */ = {
			isa = PBXResourcesBuildPhase;
			buildActionMask = 2147483647;
			files = (
				25F3EC921B9650F20098BEFD /* Main.storyboard in Resources */,
				25F3EC971B9650F20098BEFD /* LaunchScreen.xib in Resources */,
				25F3EC941B9650F20098BEFD /* Images.xcassets in Resources */,
			);
			runOnlyForDeploymentPostprocessing = 0;
		};
		25F3EC9A1B9650F20098BEFD /* Resources */ = {
			isa = PBXResourcesBuildPhase;
			buildActionMask = 2147483647;
			files = (
			);
			runOnlyForDeploymentPostprocessing = 0;
		};
/* End PBXResourcesBuildPhase section */

/* Begin PBXSourcesBuildPhase section */
		25F3EC831B9650F20098BEFD /* Sources */ = {
			isa = PBXSourcesBuildPhase;
			buildActionMask = 2147483647;
			files = (
				25F3EC8F1B9650F20098BEFD /* ViewController.swift in Sources */,
				25F3EC8D1B9650F20098BEFD /* AppDelegate.swift in Sources */,
			);
			runOnlyForDeploymentPostprocessing = 0;
		};
		25F3EC981B9650F20098BEFD /* Sources */ = {
			isa = PBXSourcesBuildPhase;
			buildActionMask = 2147483647;
			files = (
				25F3ECA31B9650F20098BEFD /* SIMADETests.swift in Sources */,
			);
			runOnlyForDeploymentPostprocessing = 0;
		};
/* End PBXSourcesBuildPhase section */

/* Begin PBXTargetDependency section */
		25F3EC9E1B9650F20098BEFD /* PBXTargetDependency */ = {
			isa = PBXTargetDependency;
			target = 25F3EC861B9650F20098BEFD /* SIMADE */;
			targetProxy = 25F3EC9D1B9650F20098BEFD /* PBXContainerItemProxy */;
		};
/* End PBXTargetDependency section */

/* Begin PBXVariantGroup section */
		25F3EC901B9650F20098BEFD /* Main.storyboard */ = {
			isa = PBXVariantGroup;
			children = (
				25F3EC911B9650F20098BEFD /* Base */,
			);
			name = Main.storyboard;
			sourceTree = "<group>";
		};
		25F3EC951B9650F20098BEFD /* LaunchScreen.xib */ = {
			isa = PBXVariantGroup;
			children = (
				25F3EC961B9650F20098BEFD /* Base */,
			);
			name = LaunchScreen.xib;
			sourceTree = "<group>";
		};
/* End PBXVariantGroup section */

/* Begin XCBuildConfiguration section */
		25F3ECA41B9650F20098BEFD /* Debug */ = {
			isa = XCBuildConfiguration;
			buildSettings = {
				ALWAYS_SEARCH_USER_PATHS = NO;
				CLANG_CXX_LANGUAGE_STANDARD = "gnu++0x";
				CLANG_CXX_LIBRARY = "libc++";
				CLANG_ENABLE_MODULES = YES;
				CLANG_ENABLE_OBJC_ARC = YES;
				CLANG_WARN_BOOL_CONVERSION = YES;
				CLANG_WARN_CONSTANT_CONVERSION = YES;
				CLANG_WARN_DIRECT_OBJC_ISA_USAGE = YES_ERROR;
				CLANG_WARN_EMPTY_BODY = YES;
				CLANG_WARN_ENUM_CONVERSION = YES;
				CLANG_WARN_INT_CONVERSION = YES;
				CLANG_WARN_OBJC_ROOT_CLASS = YES_ERROR;
				CLANG_WARN_UNREACHABLE_CODE = YES;
				CLANG_WARN__DUPLICATE_METHOD_MATCH = YES;
				"CODE_SIGN_IDENTITY[sdk=iphoneos*]" = "iPhone Developer";
				COPY_PHASE_STRIP = NO;
				DEBUG_INFORMATION_FORMAT = "dwarf-with-dsym";
				ENABLE_STRICT_OBJC_MSGSEND = YES;
				GCC_C_LANGUAGE_STANDARD = gnu99;
				GCC_DYNAMIC_NO_PIC = NO;
				GCC_NO_COMMON_BLOCKS = YES;
				GCC_OPTIMIZATION_LEVEL = 0;
				GCC_PREPROCESSOR_DEFINITIONS = (
					"DEBUG=1",
					"$(inherited)",
				);
				GCC_SYMBOLS_PRIVATE_EXTERN = NO;
				GCC_WARN_64_TO_32_BIT_CONVERSION = YES;
				GCC_WARN_ABOUT_RETURN_TYPE = YES_ERROR;
				GCC_WARN_UNDECLARED_SELECTOR = YES;
				GCC_WARN_UNINITIALIZED_AUTOS = YES_AGGRESSIVE;
				GCC_WARN_UNUSED_FUNCTION = YES;
				GCC_WARN_UNUSED_VARIABLE = YES;
				IPHONEOS_DEPLOYMENT_TARGET = 8.4;
				MTL_ENABLE_DEBUG_INFO = YES;
				ONLY_ACTIVE_ARCH = YES;
				SDKROOT = iphoneos;
				SWIFT_OPTIMIZATION_LEVEL = "-Onone";
				TARGETED_DEVICE_FAMILY = 2;
			};
			name = Debug;
		};
		25F3ECA51B9650F20098BEFD /* Release */ = {
			isa = XCBuildConfiguration;
			buildSettings = {
				ALWAYS_SEARCH_USER_PATHS = NO;
				CLANG_CXX_LANGUAGE_STANDARD = "gnu++0x";
				CLANG_CXX_LIBRARY = "libc++";
				CLANG_ENABLE_MODULES = YES;
				CLANG_ENABLE_OBJC_ARC = YES;
				CLANG_WARN_BOOL_CONVERSION = YES;
				CLANG_WARN_CONSTANT_CONVERSION = YES;
				CLANG_WARN_DIRECT_OBJC_ISA_USAGE = YES_ERROR;
				CLANG_WARN_EMPTY_BODY = YES;
				CLANG_WARN_ENUM_CONVERSION = YES;
				CLANG_WARN_INT_CONVERSION = YES;
				CLANG_WARN_OBJC_ROOT_CLASS = YES_ERROR;
				CLANG_WARN_UNREACHABLE_CODE = YES;
				CLANG_WARN__DUPLICATE_METHOD_MATCH = YES;
				"CODE_SIGN_IDENTITY[sdk=iphoneos*]" = "iPhone Developer";
				COPY_PHASE_STRIP = NO;
				DEBUG_INFORMATION_FORMAT = "dwarf-with-dsym";
				ENABLE_NS_ASSERTIONS = NO;
				ENABLE_STRICT_OBJC_MSGSEND = YES;
				GCC_C_LANGUAGE_STANDARD = gnu99;
				GCC_NO_COMMON_BLOCKS = YES;
				GCC_WARN_64_TO_32_BIT_CONVERSION = YES;
				GCC_WARN_ABOUT_RETURN_TYPE = YES_ERROR;
				GCC_WARN_UNDECLARED_SELECTOR = YES;
				GCC_WARN_UNINITIALIZED_AUTOS = YES_AGGRESSIVE;
				GCC_WARN_UNUSED_FUNCTION = YES;
				GCC_WARN_UNUSED_VARIABLE = YES;
				IPHONEOS_DEPLOYMENT_TARGET = 8.4;
				MTL_ENABLE_DEBUG_INFO = NO;
				SDKROOT = iphoneos;
				TARGETED_DEVICE_FAMILY = 2;
				VALIDATE_PRODUCT = YES;
			};
			name = Release;
		};
		25F3ECA71B9650F20098BEFD /* Debug */ = {
			isa = XCBuildConfiguration;
			buildSettings = {
				ASSETCATALOG_COMPILER_APPICON_NAME = AppIcon;
				INFOPLIST_FILE = SIMADE/Info.plist;
				LD_RUNPATH_SEARCH_PATHS = "$(inherited) @executable_path/Frameworks";
				PRODUCT_NAME = "$(TARGET_NAME)";
			};
			name = Debug;
		};
		25F3ECA81B9650F20098BEFD /* Release */ = {
			isa = XCBuildConfiguration;
			buildSettings = {
				ASSETCATALOG_COMPILER_APPICON_NAME = AppIcon;
				INFOPLIST_FILE = SIMADE/Info.plist;
				LD_RUNPATH_SEARCH_PATHS = "$(inherited) @executable_path/Frameworks";
				PRODUCT_NAME = "$(TARGET_NAME)";
			};
			name = Release;
		};
		25F3ECAA1B9650F20098BEFD /* Debug */ = {
			isa = XCBuildConfiguration;
			buildSettings = {
				BUNDLE_LOADER = "$(TEST_HOST)";
				FRAMEWORK_SEARCH_PATHS = (
					"$(SDKROOT)/Developer/Library/Frameworks",
					"$(inherited)",
				);
				GCC_PREPROCESSOR_DEFINITIONS = (
					"DEBUG=1",
					"$(inherited)",
				);
				INFOPLIST_FILE = SIMADETests/Info.plist;
				LD_RUNPATH_SEARCH_PATHS = "$(inherited) @executable_path/Frameworks @loader_path/Frameworks";
				PRODUCT_NAME = "$(TARGET_NAME)";
				TEST_HOST = "$(BUILT_PRODUCTS_DIR)/SIMADE.app/SIMADE";
			};
			name = Debug;
		};
		25F3ECAB1B9650F20098BEFD /* Release */ = {
			isa = XCBuildConfiguration;
			buildSettings = {
				BUNDLE_LOADER = "$(TEST_HOST)";
				FRAMEWORK_SEARCH_PATHS = (
					"$(SDKROOT)/Developer/Library/Frameworks",
					"$(inherited)",
				);
				INFOPLIST_FILE = SIMADETests/Info.plist;
				LD_RUNPATH_SEARCH_PATHS = "$(inherited) @executable_path/Frameworks @loader_path/Frameworks";
				PRODUCT_NAME = "$(TARGET_NAME)";
				TEST_HOST = "$(BUILT_PRODUCTS_DIR)/SIMADE.app/SIMADE";
			};
			name = Release;
		};
/* End XCBuildConfiguration section */

/* Begin XCConfigurationList section */
		25F3EC821B9650F20098BEFD /* Build configuration list for PBXProject "SIMADE" */ = {
			isa = XCConfigurationList;
			buildConfigurations = (
				25F3ECA41B9650F20098BEFD /* Debug */,
				25F3ECA51B9650F20098BEFD /* Release */,
			);
			defaultConfigurationIsVisible = 0;
			defaultConfigurationName = Release;
		};
		25F3ECA61B9650F20098BEFD /* Build configuration list for PBXNativeTarget "SIMADE" */ = {
			isa = XCConfigurationList;
			buildConfigurations = (
				25F3ECA71B9650F20098BEFD /* Debug */,
				25F3ECA81B9650F20098BEFD /* Release */,
			);
			defaultConfigurationIsVisible = 0;
		};
		25F3ECA91B9650F20098BEFD /* Build configuration list for PBXNativeTarget "SIMADETests" */ = {
			isa = XCConfigurationList;
			buildConfigurations = (
				25F3ECAA1B9650F20098BEFD /* Debug */,
				25F3ECAB1B9650F20098BEFD /* Release */,
			);
			defaultConfigurationIsVisible = 0;
		};
/* End XCConfigurationList section */
	};
	rootObject = 25F3EC7F1B9650F20098BEFD /* Project object */;
}
